
Microsoft Visual Studio Solution File, Format Version 12.00
# Visual Studio 15
VisualStudioVersion = 15.0.26124.0
MinimumVisualStudioVersion = 15.0.26124.0
Project("{FAE04EC0-301F-11D3-BF4B-00C04F79EFBC}") = "Domain", "Domain\Domain.csproj", "{4A7C9B86-5536-49D9-9BAE-F18D4C7BC719}"
EndProject
Project("{FAE04EC0-301F-11D3-BF4B-00C04F79EFBC}") = "Application", "Application\Application.csproj", "{B5621536-0C1A-4C22-9DA5-00B6B6A3FDBC}"
EndProject
Project("{FAE04EC0-301F-11D3-BF4B-00C04F79EFBC}") = "Persistence", "Persistence\Persistence.csproj", "{200AD96A-C1CD-4ED5-A821-513D7979CE93}"
EndProject
Project("{FAE04EC0-301F-11D3-BF4B-00C04F79EFBC}") = "API", "API\API.csproj", "{49CE15DB-EB24-4F14-9C31-990C8CE3CE84}"
EndProject
Global
	GlobalSection(SolutionConfigurationPlatforms) = preSolution
		Debug|Any CPU = Debug|Any CPU
		Debug|x64 = Debug|x64
		Debug|x86 = Debug|x86
		Release|Any CPU = Release|Any CPU
		Release|x64 = Release|x64
		Release|x86 = Release|x86
	EndGlobalSection
	GlobalSection(SolutionProperties) = preSolution
		HideSolutionNode = FALSE
	EndGlobalSection
	GlobalSection(ProjectConfigurationPlatforms) = postSolution
		{4A7C9B86-5536-49D9-9BAE-F18D4C7BC719}.Debug|Any CPU.ActiveCfg = Debug|Any CPU
		{4A7C9B86-5536-49D9-9BAE-F18D4C7BC719}.Debug|Any CPU.Build.0 = Debug|Any CPU
		{4A7C9B86-5536-49D9-9BAE-F18D4C7BC719}.Debug|x64.ActiveCfg = Debug|Any CPU
		{4A7C9B86-5536-49D9-9BAE-F18D4C7BC719}.Debug|x64.Build.0 = Debug|Any CPU
		{4A7C9B86-5536-49D9-9BAE-F18D4C7BC719}.Debug|x86.ActiveCfg = Debug|Any CPU
		{4A7C9B86-5536-49D9-9BAE-F18D4C7BC719}.Debug|x86.Build.0 = Debug|Any CPU
		{4A7C9B86-5536-49D9-9BAE-F18D4C7BC719}.Release|Any CPU.ActiveCfg = Release|Any CPU
		{4A7C9B86-5536-49D9-9BAE-F18D4C7BC719}.Release|Any CPU.Build.0 = Release|Any CPU
		{4A7C9B86-5536-49D9-9BAE-F18D4C7BC719}.Release|x64.ActiveCfg = Release|Any CPU
		{4A7C9B86-5536-49D9-9BAE-F18D4C7BC719}.Release|x64.Build.0 = Release|Any CPU
		{4A7C9B86-5536-49D9-9BAE-F18D4C7BC719}.Release|x86.ActiveCfg = Release|Any CPU
		{4A7C9B86-5536-49D9-9BAE-F18D4C7BC719}.Release|x86.Build.0 = Release|Any CPU
		{B5621536-0C1A-4C22-9DA5-00B6B6A3FDBC}.Debug|Any CPU.ActiveCfg = Debug|Any CPU
		{B5621536-0C1A-4C22-9DA5-00B6B6A3FDBC}.Debug|Any CPU.Build.0 = Debug|Any CPU
		{B5621536-0C1A-4C22-9DA5-00B6B6A3FDBC}.Debug|x64.ActiveCfg = Debug|Any CPU
		{B5621536-0C1A-4C22-9DA5-00B6B6A3FDBC}.Debug|x64.Build.0 = Debug|Any CPU
		{B5621536-0C1A-4C22-9DA5-00B6B6A3FDBC}.Debug|x86.ActiveCfg = Debug|Any CPU
		{B5621536-0C1A-4C22-9DA5-00B6B6A3FDBC}.Debug|x86.Build.0 = Debug|Any CPU
		{B5621536-0C1A-4C22-9DA5-00B6B6A3FDBC}.Release|Any CPU.ActiveCfg = Release|Any CPU
		{B5621536-0C1A-4C22-9DA5-00B6B6A3FDBC}.Release|Any CPU.Build.0 = Release|Any CPU
		{B5621536-0C1A-4C22-9DA5-00B6B6A3FDBC}.Release|x64.ActiveCfg = Release|Any CPU
		{B5621536-0C1A-4C22-9DA5-00B6B6A3FDBC}.Release|x64.Build.0 = Release|Any CPU
		{B5621536-0C1A-4C22-9DA5-00B6B6A3FDBC}.Release|x86.ActiveCfg = Release|Any CPU
		{B5621536-0C1A-4C22-9DA5-00B6B6A3FDBC}.Release|x86.Build.0 = Release|Any CPU
		{200AD96A-C1CD-4ED5-A821-513D7979CE93}.Debug|Any CPU.ActiveCfg = Debug|Any CPU
		{200AD96A-C1CD-4ED5-A821-513D7979CE93}.Debug|Any CPU.Build.0 = Debug|Any CPU
		{200AD96A-C1CD-4ED5-A821-513D7979CE93}.Debug|x64.ActiveCfg = Debug|Any CPU
		{200AD96A-C1CD-4ED5-A821-513D7979CE93}.Debug|x64.Build.0 = Debug|Any CPU
		{200AD96A-C1CD-4ED5-A821-513D7979CE93}.Debug|x86.ActiveCfg = Debug|Any CPU
		{200AD96A-C1CD-4ED5-A821-513D7979CE93}.Debug|x86.Build.0 = Debug|Any CPU
		{200AD96A-C1CD-4ED5-A821-513D7979CE93}.Release|Any CPU.ActiveCfg = Release|Any CPU
		{200AD96A-C1CD-4ED5-A821-513D7979CE93}.Release|Any CPU.Build.0 = Release|Any CPU
		{200AD96A-C1CD-4ED5-A821-513D7979CE93}.Release|x64.ActiveCfg = Release|Any CPU
		{200AD96A-C1CD-4ED5-A821-513D7979CE93}.Release|x64.Build.0 = Release|Any CPU
		{200AD96A-C1CD-4ED5-A821-513D7979CE93}.Release|x86.ActiveCfg = Release|Any CPU
		{200AD96A-C1CD-4ED5-A821-513D7979CE93}.Release|x86.Build.0 = Release|Any CPU
		{49CE15DB-EB24-4F14-9C31-990C8CE3CE84}.Debug|Any CPU.ActiveCfg = Debug|Any CPU
		{49CE15DB-EB24-4F14-9C31-990C8CE3CE84}.Debug|Any CPU.Build.0 = Debug|Any CPU
		{49CE15DB-EB24-4F14-9C31-990C8CE3CE84}.Debug|x64.ActiveCfg = Debug|Any CPU
		{49CE15DB-EB24-4F14-9C31-990C8CE3CE84}.Debug|x64.Build.0 = Debug|Any CPU
		{49CE15DB-EB24-4F14-9C31-990C8CE3CE84}.Debug|x86.ActiveCfg = Debug|Any CPU
		{49CE15DB-EB24-4F14-9C31-990C8CE3CE84}.Debug|x86.Build.0 = Debug|Any CPU
		{49CE15DB-EB24-4F14-9C31-990C8CE3CE84}.Release|Any CPU.ActiveCfg = Release|Any CPU
		{49CE15DB-EB24-4F14-9C31-990C8CE3CE84}.Release|Any CPU.Build.0 = Release|Any CPU
		{49CE15DB-EB24-4F14-9C31-990C8CE3CE84}.Release|x64.ActiveCfg = Release|Any CPU
		{49CE15DB-EB24-4F14-9C31-990C8CE3CE84}.Release|x64.Build.0 = Release|Any CPU
		{49CE15DB-EB24-4F14-9C31-990C8CE3CE84}.Release|x86.ActiveCfg = Release|Any CPU
		{49CE15DB-EB24-4F14-9C31-990C8CE3CE84}.Release|x86.Build.0 = Release|Any CPU
	EndGlobalSection
EndGlobal
